
Microsoft Visual Studio Solution File, Format Version 12.00
# Visual Studio Version 17
VisualStudioVersion = 17.5.33502.453
MinimumVisualStudioVersion = 10.0.40219.1
Project("{D954291E-2A0B-460D-934E-DC6B0785DB48}") = "BsddRevitPlugin.Common", "BsddRevitPlugin.Common\BsddRevitPlugin.Common.shproj", "{14ACABB0-3D60-422E-9CE9-A4BC644393E3}"
EndProject
Project("{FAE04EC0-301F-11D3-BF4B-00C04F79EFBC}") = "BsddRevitPlugin.2023", "BsddRevitPlugin.2023\BsddRevitPlugin.2023.csproj", "{8404F487-DC2E-4E21-A29D-A164A94E0920}"
	ProjectSection(ProjectDependencies) = postProject
		{12EA4456-8CD5-43EF-80C7-D70338C8B018} = {12EA4456-8CD5-43EF-80C7-D70338C8B018}
		{60AC09BD-DB0E-40A9-B8A7-B0D40E7042E6} = {60AC09BD-DB0E-40A9-B8A7-B0D40E7042E6}
	EndProjectSection
EndProject
Project("{FAE04EC0-301F-11D3-BF4B-00C04F79EFBC}") = "BsddRevitPlugin.Installer", "BsddRevitPlugin.Installer\BsddRevitPlugin.Installer.csproj", "{9889A04D-AC37-404C-B2C2-01DE989866ED}"
	ProjectSection(ProjectDependencies) = postProject
		{8404F487-DC2E-4E21-A29D-A164A94E0920} = {8404F487-DC2E-4E21-A29D-A164A94E0920}
	EndProjectSection
EndProject
Project("{FAE04EC0-301F-11D3-BF4B-00C04F79EFBC}") = "BsddRevitPlugin.Resources", "BsddRevitPlugin.Resources\BsddRevitPlugin.Resources.csproj", "{4C519D66-46F3-43DF-BCF5-CC1847654828}"
EndProject
Project("{FAE04EC0-301F-11D3-BF4B-00C04F79EFBC}") = "ASRR.Core", "lib\assr\lib-asrr-core\ASRR.Core.csproj", "{12EA4456-8CD5-43EF-80C7-D70338C8B018}"
EndProject
Project("{FAE04EC0-301F-11D3-BF4B-00C04F79EFBC}") = "ASRR.Revit.Core", "lib\assr\lib-asrr-revit-core\ASRR.Revit.Core.csproj", "{60AC09BD-DB0E-40A9-B8A7-B0D40E7042E6}"
EndProject
Project("{FAE04EC0-301F-11D3-BF4B-00C04F79EFBC}") = "BsddRevitPlugin.Logic", "BsddRevitPlugin.Logic\BsddRevitPlugin.Logic.csproj", "{4ADB19D3-24D7-4410-BDCB-19DBFE6908EB}"
EndProject
Global
	GlobalSection(SolutionConfigurationPlatforms) = preSolution
		Debug|Any CPU = Debug|Any CPU
		Debug|x64 = Debug|x64
		Release|Any CPU = Release|Any CPU
		Release|x64 = Release|x64
	EndGlobalSection
	GlobalSection(ProjectConfigurationPlatforms) = postSolution
		{8404F487-DC2E-4E21-A29D-A164A94E0920}.Debug|Any CPU.ActiveCfg = Debug|Any CPU
		{8404F487-DC2E-4E21-A29D-A164A94E0920}.Debug|Any CPU.Build.0 = Debug|Any CPU
		{8404F487-DC2E-4E21-A29D-A164A94E0920}.Debug|x64.ActiveCfg = Debug|x64
		{8404F487-DC2E-4E21-A29D-A164A94E0920}.Debug|x64.Build.0 = Debug|x64
		{8404F487-DC2E-4E21-A29D-A164A94E0920}.Release|Any CPU.ActiveCfg = Release|Any CPU
		{8404F487-DC2E-4E21-A29D-A164A94E0920}.Release|Any CPU.Build.0 = Release|Any CPU
		{8404F487-DC2E-4E21-A29D-A164A94E0920}.Release|x64.ActiveCfg = Release|x64
		{8404F487-DC2E-4E21-A29D-A164A94E0920}.Release|x64.Build.0 = Release|x64
		{9889A04D-AC37-404C-B2C2-01DE989866ED}.Debug|Any CPU.ActiveCfg = Debug|Any CPU
		{9889A04D-AC37-404C-B2C2-01DE989866ED}.Debug|Any CPU.Build.0 = Debug|Any CPU
		{9889A04D-AC37-404C-B2C2-01DE989866ED}.Debug|x64.ActiveCfg = Debug|x64
		{9889A04D-AC37-404C-B2C2-01DE989866ED}.Debug|x64.Build.0 = Debug|x64
		{9889A04D-AC37-404C-B2C2-01DE989866ED}.Release|Any CPU.ActiveCfg = Release|Any CPU
		{9889A04D-AC37-404C-B2C2-01DE989866ED}.Release|Any CPU.Build.0 = Release|Any CPU
		{9889A04D-AC37-404C-B2C2-01DE989866ED}.Release|x64.ActiveCfg = Release|x64
		{9889A04D-AC37-404C-B2C2-01DE989866ED}.Release|x64.Build.0 = Release|x64
		{4C519D66-46F3-43DF-BCF5-CC1847654828}.Debug|Any CPU.ActiveCfg = Debug|Any CPU
		{4C519D66-46F3-43DF-BCF5-CC1847654828}.Debug|Any CPU.Build.0 = Debug|Any CPU
		{4C519D66-46F3-43DF-BCF5-CC1847654828}.Debug|x64.ActiveCfg = Debug|x64
		{4C519D66-46F3-43DF-BCF5-CC1847654828}.Debug|x64.Build.0 = Debug|x64
		{4C519D66-46F3-43DF-BCF5-CC1847654828}.Release|Any CPU.ActiveCfg = Release|Any CPU
		{4C519D66-46F3-43DF-BCF5-CC1847654828}.Release|Any CPU.Build.0 = Release|Any CPU
		{4C519D66-46F3-43DF-BCF5-CC1847654828}.Release|x64.ActiveCfg = Release|x64
		{4C519D66-46F3-43DF-BCF5-CC1847654828}.Release|x64.Build.0 = Release|x64
		{12EA4456-8CD5-43EF-80C7-D70338C8B018}.Debug|Any CPU.ActiveCfg = Debug|Any CPU
		{12EA4456-8CD5-43EF-80C7-D70338C8B018}.Debug|Any CPU.Build.0 = Debug|Any CPU
		{12EA4456-8CD5-43EF-80C7-D70338C8B018}.Debug|x64.ActiveCfg = Debug|x64
		{12EA4456-8CD5-43EF-80C7-D70338C8B018}.Debug|x64.Build.0 = Debug|x64
		{12EA4456-8CD5-43EF-80C7-D70338C8B018}.Release|Any CPU.ActiveCfg = Release|Any CPU
		{12EA4456-8CD5-43EF-80C7-D70338C8B018}.Release|Any CPU.Build.0 = Release|Any CPU
		{12EA4456-8CD5-43EF-80C7-D70338C8B018}.Release|x64.ActiveCfg = Release|x64
		{12EA4456-8CD5-43EF-80C7-D70338C8B018}.Release|x64.Build.0 = Release|x64
		{60AC09BD-DB0E-40A9-B8A7-B0D40E7042E6}.Debug|Any CPU.ActiveCfg = Debug|Any CPU
		{60AC09BD-DB0E-40A9-B8A7-B0D40E7042E6}.Debug|Any CPU.Build.0 = Debug|Any CPU
		{60AC09BD-DB0E-40A9-B8A7-B0D40E7042E6}.Debug|x64.ActiveCfg = Debug|x64
		{60AC09BD-DB0E-40A9-B8A7-B0D40E7042E6}.Debug|x64.Build.0 = Debug|x64
		{60AC09BD-DB0E-40A9-B8A7-B0D40E7042E6}.Release|Any CPU.ActiveCfg = Release|Any CPU
		{60AC09BD-DB0E-40A9-B8A7-B0D40E7042E6}.Release|Any CPU.Build.0 = Release|Any CPU
		{60AC09BD-DB0E-40A9-B8A7-B0D40E7042E6}.Release|x64.ActiveCfg = Release|x64
		{60AC09BD-DB0E-40A9-B8A7-B0D40E7042E6}.Release|x64.Build.0 = Release|x64
		{4ADB19D3-24D7-4410-BDCB-19DBFE6908EB}.Debug|Any CPU.ActiveCfg = Debug|Any CPU
		{4ADB19D3-24D7-4410-BDCB-19DBFE6908EB}.Debug|Any CPU.Build.0 = Debug|Any CPU
		{4ADB19D3-24D7-4410-BDCB-19DBFE6908EB}.Debug|x64.ActiveCfg = Debug|x64
		{4ADB19D3-24D7-4410-BDCB-19DBFE6908EB}.Debug|x64.Build.0 = Debug|x64
		{4ADB19D3-24D7-4410-BDCB-19DBFE6908EB}.Release|Any CPU.ActiveCfg = Release|Any CPU
		{4ADB19D3-24D7-4410-BDCB-19DBFE6908EB}.Release|Any CPU.Build.0 = Release|Any CPU
		{4ADB19D3-24D7-4410-BDCB-19DBFE6908EB}.Release|x64.ActiveCfg = Release|x64
		{4ADB19D3-24D7-4410-BDCB-19DBFE6908EB}.Release|x64.Build.0 = Release|x64
	EndGlobalSection
	GlobalSection(SolutionProperties) = preSolution
		HideSolutionNode = FALSE
	EndGlobalSection
	GlobalSection(ExtensibilityGlobals) = postSolution
		SolutionGuid = {DC28645D-86C5-4082-B634-57B878A64EE3}
	EndGlobalSection
	GlobalSection(SharedMSBuildProjectFiles) = preSolution
		BsddRevitPlugin.Common\BsddRevitPlugin.Common.projitems*{14acabb0-3d60-422e-9ce9-a4bc644393e3}*SharedItemsImports = 13
		BsddRevitPlugin.Common\BsddRevitPlugin.Common.projitems*{8404f487-dc2e-4e21-a29d-a164a94e0920}*SharedItemsImports = 4
	EndGlobalSection
EndGlobal
